
Microsoft Visual Studio Solution File, Format Version 12.00
# Visual Studio Version 16
VisualStudioVersion = 16.0.29503.13
MinimumVisualStudioVersion = 10.0.40219.1
Project("{FAE04EC0-301F-11D3-BF4B-00C04F79EFBC}") = "Adapter", "Adapter\Adapter.csproj", "{A49F8A90-2D16-4190-A1A7-99C96081FA76}"
EndProject
Global
	GlobalSection(SolutionConfigurationPlatforms) = preSolution
		Debug|Any CPU = Debug|Any CPU
		Release|Any CPU = Release|Any CPU
	EndGlobalSection
	GlobalSection(ProjectConfigurationPlatforms) = postSolution
		{A49F8A90-2D16-4190-A1A7-99C96081FA76}.Debug|Any CPU.ActiveCfg = Debug|Any CPU
		{A49F8A90-2D16-4190-A1A7-99C96081FA76}.Debug|Any CPU.Build.0 = Debug|Any CPU
		{A49F8A90-2D16-4190-A1A7-99C96081FA76}.Release|Any CPU.ActiveCfg = Release|Any CPU
		{A49F8A90-2D16-4190-A1A7-99C96081FA76}.Release|Any CPU.Build.0 = Release|Any CPU
	EndGlobalSection
	GlobalSection(SolutionProperties) = preSolution
		HideSolutionNode = FALSE
	EndGlobalSection
	GlobalSection(ExtensibilityGlobals) = postSolution
		SolutionGuid = {231206AD-0EAF-42F6-90D5-9947FCA238DA}
	EndGlobalSection
EndGlobal
